{
  "name": "emoji_graffiti",
  "version": "1.0.0",
  "lockfileVersion": 3,
  "requires": true,
  "packages": {
    "": {
      "name": "emoji_graffiti",
      "version": "1.0.0",
      "license": "ISC",
      "dependencies": {
        "emoji-picker-element": "^1.22.4"
      }
    },
    "node_modules/emoji-picker-element": {
      "version": "1.22.4",
      "resolved": "https://registry.npmjs.org/emoji-picker-element/-/emoji-picker-element-1.22.4.tgz",
      "integrity": "sha512-2kealqo1bvQjlspkgXqC/eUBAhgP9WymSzaV9CPH5G3DOLgq1qA88IWHypcgkgbIiedP5w6LL2redVxsg9uKIA=="
    }
  }
}
